
Microsoft Visual Studio Solution File, Format Version 12.00
# Visual Studio Version 17
VisualStudioVersion = 17.5.002.0
MinimumVisualStudioVersion = 10.0.40219.1
Project("{9A19103F-16F7-4668-BE54-9A1E7A4F7556}") = "Social-Credit-Bot", "Social-Credit-Bot.csproj", "{06B80657-67C5-4309-844A-D33BA2D8862E}"
EndProject
Global
	GlobalSection(SolutionConfigurationPlatforms) = preSolution
		Debug|Any CPU = Debug|Any CPU
		Release|Any CPU = Release|Any CPU
	EndGlobalSection
	GlobalSection(ProjectConfigurationPlatforms) = postSolution
		{06B80657-67C5-4309-844A-D33BA2D8862E}.Debug|Any CPU.ActiveCfg = Debug|Any CPU
		{06B80657-67C5-4309-844A-D33BA2D8862E}.Debug|Any CPU.Build.0 = Debug|Any CPU
		{06B80657-67C5-4309-844A-D33BA2D8862E}.Release|Any CPU.ActiveCfg = Release|Any CPU
		{06B80657-67C5-4309-844A-D33BA2D8862E}.Release|Any CPU.Build.0 = Release|Any CPU
	EndGlobalSection
	GlobalSection(SolutionProperties) = preSolution
		HideSolutionNode = FALSE
	EndGlobalSection
	GlobalSection(ExtensibilityGlobals) = postSolution
		SolutionGuid = {23DE3E27-F526-4508-81CA-2ED20B745F0C}
	EndGlobalSection
EndGlobal
